
Microsoft Visual Studio Solution File, Format Version 12.00
# Visual Studio Version 17
VisualStudioVersion = 17.7.34031.279
MinimumVisualStudioVersion = 10.0.40219.1
Project("{9A19103F-16F7-4668-BE54-9A1E7A4F7556}") = "MotoLog.Business", "src\MotoLog.Business\MotoLog.Business.csproj", "{C2B329B4-A0C0-4E24-A9B8-6143CF7505E6}"
EndProject
Project("{9A19103F-16F7-4668-BE54-9A1E7A4F7556}") = "MotoLog.Data", "src\MotoLog.Data\MotoLog.Data.csproj", "{0351E37F-EEBE-40B0-9C99-D87947E90FF7}"
EndProject
Project("{FAE04EC0-301F-11D3-BF4B-00C04F79EFBC}") = "MotoLog.App", "src\MotoLog.App\MotoLog.App.csproj", "{8E62B481-2627-430E-85F3-463D24FD8A09}"
EndProject
Global
	GlobalSection(SolutionConfigurationPlatforms) = preSolution
		Debug|Any CPU = Debug|Any CPU
		Release|Any CPU = Release|Any CPU
	EndGlobalSection
	GlobalSection(ProjectConfigurationPlatforms) = postSolution
		{C2B329B4-A0C0-4E24-A9B8-6143CF7505E6}.Debug|Any CPU.ActiveCfg = Debug|Any CPU
		{C2B329B4-A0C0-4E24-A9B8-6143CF7505E6}.Debug|Any CPU.Build.0 = Debug|Any CPU
		{C2B329B4-A0C0-4E24-A9B8-6143CF7505E6}.Release|Any CPU.ActiveCfg = Release|Any CPU
		{C2B329B4-A0C0-4E24-A9B8-6143CF7505E6}.Release|Any CPU.Build.0 = Release|Any CPU
		{0351E37F-EEBE-40B0-9C99-D87947E90FF7}.Debug|Any CPU.ActiveCfg = Debug|Any CPU
		{0351E37F-EEBE-40B0-9C99-D87947E90FF7}.Debug|Any CPU.Build.0 = Debug|Any CPU
		{0351E37F-EEBE-40B0-9C99-D87947E90FF7}.Release|Any CPU.ActiveCfg = Release|Any CPU
		{0351E37F-EEBE-40B0-9C99-D87947E90FF7}.Release|Any CPU.Build.0 = Release|Any CPU
		{8E62B481-2627-430E-85F3-463D24FD8A09}.Debug|Any CPU.ActiveCfg = Debug|Any CPU
		{8E62B481-2627-430E-85F3-463D24FD8A09}.Debug|Any CPU.Build.0 = Debug|Any CPU
		{8E62B481-2627-430E-85F3-463D24FD8A09}.Release|Any CPU.ActiveCfg = Release|Any CPU
		{8E62B481-2627-430E-85F3-463D24FD8A09}.Release|Any CPU.Build.0 = Release|Any CPU
	EndGlobalSection
	GlobalSection(SolutionProperties) = preSolution
		HideSolutionNode = FALSE
	EndGlobalSection
	GlobalSection(ExtensibilityGlobals) = postSolution
		SolutionGuid = {A37749A9-C552-43A3-86BE-BCC3165A0D0D}
	EndGlobalSection
EndGlobal
